// !$*UTF8*$!
{
	archiveVersion = 1;
	classes = {
	};
	objectVersion = 46;
	objects = {

/* Begin PBXBuildFile section */
		A909C1E91CBBBC6C0062DA17 /* MSize.swift in Sources */ = {isa = PBXBuildFile; fileRef = A909C1E81CBBBC6C0062DA17 /* MSize.swift */; };
		A909C1EB1CBBBCB60062DA17 /* MColor.swift in Sources */ = {isa = PBXBuildFile; fileRef = A909C1EA1CBBBCB60062DA17 /* MColor.swift */; };
		A918446C1CC5BF4700F1A0F8 /* Notify.swift in Sources */ = {isa = PBXBuildFile; fileRef = A918446B1CC5BF4700F1A0F8 /* Notify.swift */; };
		A918C7271CC6608700E3F9A3 /* Timer.swift in Sources */ = {isa = PBXBuildFile; fileRef = A918C7261CC6608700E3F9A3 /* Timer.swift */; };
		A91FCE301CC8BB4C0033305C /* ExtensionString.swift in Sources */ = {isa = PBXBuildFile; fileRef = A91FCE2F1CC8BB4C0033305C /* ExtensionString.swift */; };
		A91FCE331CC8C8E70033305C /* ExtensionSwiftyJSON.swift in Sources */ = {isa = PBXBuildFile; fileRef = A91FCE321CC8C8E70033305C /* ExtensionSwiftyJSON.swift */; };
		A920B1B61CB49EA800A6DA3F /* dundunTests.swift in Sources */ = {isa = PBXBuildFile; fileRef = A920B1B51CB49EA800A6DA3F /* dundunTests.swift */; };
		A920B1C11CB49EA800A6DA3F /* dundunUITests.swift in Sources */ = {isa = PBXBuildFile; fileRef = A920B1C01CB49EA800A6DA3F /* dundunUITests.swift */; };
		A920B2821CB5385A00A6DA3F /* SnapKit.framework in Frameworks */ = {isa = PBXBuildFile; fileRef = A920B27F1CB5385A00A6DA3F /* SnapKit.framework */; };
		A9323E771CB68EDD00FE8E1C /* LaunchScreen.storyboard in Resources */ = {isa = PBXBuildFile; fileRef = A9323E731CB68EDD00FE8E1C /* LaunchScreen.storyboard */; };
		A9323E781CB68EDD00FE8E1C /* Main.storyboard in Resources */ = {isa = PBXBuildFile; fileRef = A9323E751CB68EDD00FE8E1C /* Main.storyboard */; };
		A9323E7A1CB68EF600FE8E1C /* Assets.xcassets in Resources */ = {isa = PBXBuildFile; fileRef = A9323E791CB68EF600FE8E1C /* Assets.xcassets */; };
		A9323E7C1CB68F0000FE8E1C /* AppDelegate.swift in Sources */ = {isa = PBXBuildFile; fileRef = A9323E7B1CB68F0000FE8E1C /* AppDelegate.swift */; };
		A9323E7F1CB68F5100FE8E1C /* ExtensionUIviewController.swift in Sources */ = {isa = PBXBuildFile; fileRef = A9323E7E1CB68F5100FE8E1C /* ExtensionUIviewController.swift */; };
		A9323E831CB68F7400FE8E1C /* RegistViewController.swift in Sources */ = {isa = PBXBuildFile; fileRef = A9323E821CB68F7400FE8E1C /* RegistViewController.swift */; };
		A9323E851CB68F8700FE8E1C /* LoginTextField.swift in Sources */ = {isa = PBXBuildFile; fileRef = A9323E841CB68F8700FE8E1C /* LoginTextField.swift */; };
		A94A8E6D1CC9085C0045BE6D /* Size.swift in Sources */ = {isa = PBXBuildFile; fileRef = A94A8E6C1CC9085C0045BE6D /* Size.swift */; };
		A94A8E701CC9A4F40045BE6D /* Alamofire_ExtensionViewController.swift in Sources */ = {isa = PBXBuildFile; fileRef = A94A8E6F1CC9A4F40045BE6D /* Alamofire_ExtensionViewController.swift */; };
		A94A8E721CC9F5210045BE6D /* MJson.swift in Sources */ = {isa = PBXBuildFile; fileRef = A94A8E711CC9F5210045BE6D /* MJson.swift */; };
		A9594CAB1CC3B6DE008CE1DA /* ExtensionNSObject_GCD.swift in Sources */ = {isa = PBXBuildFile; fileRef = A9594CAA1CC3B6DE008CE1DA /* ExtensionNSObject_GCD.swift */; };
		A9594CAD1CC3BB16008CE1DA /* Alamofire.framework in Frameworks */ = {isa = PBXBuildFile; fileRef = A9594CAC1CC3BB16008CE1DA /* Alamofire.framework */; };
		A9594CB21CC4B640008CE1DA /* LoginController.swift in Sources */ = {isa = PBXBuildFile; fileRef = A9594CB11CC4B640008CE1DA /* LoginController.swift */; };
		A9594CB41CC4B66C008CE1DA /* LoginViewController.swift in Sources */ = {isa = PBXBuildFile; fileRef = A9594CB31CC4B66C008CE1DA /* LoginViewController.swift */; };
		A9594CB71CC4BBD4008CE1DA /* ExtensionUIImage.swift in Sources */ = {isa = PBXBuildFile; fileRef = A9594CB61CC4BBD4008CE1DA /* ExtensionUIImage.swift */; };
		A9594CBA1CC4BDF3008CE1DA /* Line.swift in Sources */ = {isa = PBXBuildFile; fileRef = A9594CB91CC4BDF3008CE1DA /* Line.swift */; };
		A9594CBC1CC4C0C3008CE1DA /* LogoView.swift in Sources */ = {isa = PBXBuildFile; fileRef = A9594CBB1CC4C0C3008CE1DA /* LogoView.swift */; };
		A9594CBF1CC4C6AD008CE1DA /* MButton.swift in Sources */ = {isa = PBXBuildFile; fileRef = A9594CBE1CC4C6AD008CE1DA /* MButton.swift */; };
		A9594CC11CC4CCDE008CE1DA /* RepassViewController.swift in Sources */ = {isa = PBXBuildFile; fileRef = A9594CC01CC4CCDE008CE1DA /* RepassViewController.swift */; };
		A9594CC31CC4DB18008CE1DA /* ExtensionView.swift in Sources */ = {isa = PBXBuildFile; fileRef = A9594CC21CC4DB18008CE1DA /* ExtensionView.swift */; };
		A9594CC61CC4F739008CE1DA /* Whisper.framework in Frameworks */ = {isa = PBXBuildFile; fileRef = A9594CC51CC4F739008CE1DA /* Whisper.framework */; };
		A95B967E1CC7758900D759E6 /* SwiftyJSON.framework in Frameworks */ = {isa = PBXBuildFile; fileRef = A95B967D1CC7758800D759E6 /* SwiftyJSON.framework */; };
		A9C2BD231CC71CA7004181FF /* ExtensionButton.swift in Sources */ = {isa = PBXBuildFile; fileRef = A9C2BD221CC71CA7004181FF /* ExtensionButton.swift */; };
		A9E023F71CC617C7004A86B3 /* QRCodeViewController.swift in Sources */ = {isa = PBXBuildFile; fileRef = A9E023F61CC617C7004A86B3 /* QRCodeViewController.swift */; };
		A9E023F91CC63402004A86B3 /* QRCodeWrapView.swift in Sources */ = {isa = PBXBuildFile; fileRef = A9E023F81CC63402004A86B3 /* QRCodeWrapView.swift */; };
		A9E023FB1CC63549004A86B3 /* TestViewController.swift in Sources */ = {isa = PBXBuildFile; fileRef = A9E023FA1CC63549004A86B3 /* TestViewController.swift */; };
		A9E65B651CC1C9CB009F8116 /* FeedBackViewController.swift in Sources */ = {isa = PBXBuildFile; fileRef = A9E65B641CC1C9CB009F8116 /* FeedBackViewController.swift */; };
		A9E65B8D1CC24120009F8116 /* Info.plist in Resources */ = {isa = PBXBuildFile; fileRef = A9E65B8C1CC24120009F8116 /* Info.plist */; };
		A9E65B911CC241DE009F8116 /* MWindow.swift in Sources */ = {isa = PBXBuildFile; fileRef = A9E65B901CC241DE009F8116 /* MWindow.swift */; };
		A9E65B941CC242E7009F8116 /* MNavigationController.swift in Sources */ = {isa = PBXBuildFile; fileRef = A9E65B931CC242E7009F8116 /* MNavigationController.swift */; };
		A9E65B961CC24339009F8116 /* MTabBarController.swift in Sources */ = {isa = PBXBuildFile; fileRef = A9E65B951CC24339009F8116 /* MTabBarController.swift */; };
		A9E65B981CC247D7009F8116 /* BaseViewController.swift in Sources */ = {isa = PBXBuildFile; fileRef = A9E65B971CC247D7009F8116 /* BaseViewController.swift */; };
		A9E65B9D1CC24A04009F8116 /* WalletViewController.swift in Sources */ = {isa = PBXBuildFile; fileRef = A9E65B9C1CC24A04009F8116 /* WalletViewController.swift */; };
		A9E65B9F1CC24A33009F8116 /* GoodsViewController.swift in Sources */ = {isa = PBXBuildFile; fileRef = A9E65B9E1CC24A33009F8116 /* GoodsViewController.swift */; };
		A9E65BA11CC24A4D009F8116 /* PersonalViewController.swift in Sources */ = {isa = PBXBuildFile; fileRef = A9E65BA01CC24A4D009F8116 /* PersonalViewController.swift */; };
		A9E65BA31CC24A7B009F8116 /* ActiveViewController.swift in Sources */ = {isa = PBXBuildFile; fileRef = A9E65BA21CC24A7B009F8116 /* ActiveViewController.swift */; };
		B713E4F090F4DDBA5F10095A /* Pods.framework in Frameworks */ = {isa = PBXBuildFile; fileRef = C2F8095EFCD135BC30B38567 /* Pods.framework */; };
/* End PBXBuildFile section */

/* Begin PBXContainerItemProxy section */
		A920B1B21CB49EA800A6DA3F /* PBXContainerItemProxy */ = {
			isa = PBXContainerItemProxy;
			containerPortal = A920B1951CB49EA800A6DA3F /* Project object */;
			proxyType = 1;
			remoteGlobalIDString = A920B19C1CB49EA800A6DA3F;
			remoteInfo = dundun;
		};
		A920B1BD1CB49EA800A6DA3F /* PBXContainerItemProxy */ = {
			isa = PBXContainerItemProxy;
			containerPortal = A920B1951CB49EA800A6DA3F /* Project object */;
			proxyType = 1;
			remoteGlobalIDString = A920B19C1CB49EA800A6DA3F;
			remoteInfo = dundun;
		};
/* End PBXContainerItemProxy section */

/* Begin PBXFileReference section */
		1E435089563AF4BD100FE906 /* Pods.release.xcconfig */ = {isa = PBXFileReference; includeInIndex = 1; lastKnownFileType = text.xcconfig; name = Pods.release.xcconfig; path = "Pods/Target Support Files/Pods/Pods.release.xcconfig"; sourceTree = "<group>"; };
		98D00E090CF999839EB810C3 /* Pods.debug.xcconfig */ = {isa = PBXFileReference; includeInIndex = 1; lastKnownFileType = text.xcconfig; name = Pods.debug.xcconfig; path = "Pods/Target Support Files/Pods/Pods.debug.xcconfig"; sourceTree = "<group>"; };
		A909C1E81CBBBC6C0062DA17 /* MSize.swift */ = {isa = PBXFileReference; fileEncoding = 4; lastKnownFileType = sourcecode.swift; path = MSize.swift; sourceTree = "<group>"; };
		A909C1EA1CBBBCB60062DA17 /* MColor.swift */ = {isa = PBXFileReference; fileEncoding = 4; lastKnownFileType = sourcecode.swift; path = MColor.swift; sourceTree = "<group>"; };
		A918446B1CC5BF4700F1A0F8 /* Notify.swift */ = {isa = PBXFileReference; fileEncoding = 4; lastKnownFileType = sourcecode.swift; path = Notify.swift; sourceTree = "<group>"; };
		A918C7261CC6608700E3F9A3 /* Timer.swift */ = {isa = PBXFileReference; fileEncoding = 4; lastKnownFileType = sourcecode.swift; path = Timer.swift; sourceTree = "<group>"; };
		A91FCE2F1CC8BB4C0033305C /* ExtensionString.swift */ = {isa = PBXFileReference; fileEncoding = 4; lastKnownFileType = sourcecode.swift; path = ExtensionString.swift; sourceTree = "<group>"; };
		A91FCE321CC8C8E70033305C /* ExtensionSwiftyJSON.swift */ = {isa = PBXFileReference; fileEncoding = 4; lastKnownFileType = sourcecode.swift; path = ExtensionSwiftyJSON.swift; sourceTree = "<group>"; };
		A920B19D1CB49EA800A6DA3F /* dundun.app */ = {isa = PBXFileReference; explicitFileType = wrapper.application; includeInIndex = 0; path = dundun.app; sourceTree = BUILT_PRODUCTS_DIR; };
		A920B1B11CB49EA800A6DA3F /* dundunTests.xctest */ = {isa = PBXFileReference; explicitFileType = wrapper.cfbundle; includeInIndex = 0; path = dundunTests.xctest; sourceTree = BUILT_PRODUCTS_DIR; };
		A920B1B51CB49EA800A6DA3F /* dundunTests.swift */ = {isa = PBXFileReference; lastKnownFileType = sourcecode.swift; path = dundunTests.swift; sourceTree = "<group>"; };
		A920B1B71CB49EA800A6DA3F /* Info.plist */ = {isa = PBXFileReference; lastKnownFileType = text.plist.xml; path = Info.plist; sourceTree = "<group>"; };
		A920B1BC1CB49EA800A6DA3F /* dundunUITests.xctest */ = {isa = PBXFileReference; explicitFileType = wrapper.cfbundle; includeInIndex = 0; path = dundunUITests.xctest; sourceTree = BUILT_PRODUCTS_DIR; };
		A920B1C01CB49EA800A6DA3F /* dundunUITests.swift */ = {isa = PBXFileReference; lastKnownFileType = sourcecode.swift; path = dundunUITests.swift; sourceTree = "<group>"; };
		A920B1C21CB49EA800A6DA3F /* Info.plist */ = {isa = PBXFileReference; lastKnownFileType = text.plist.xml; path = Info.plist; sourceTree = "<group>"; };
		A920B27D1CB5385A00A6DA3F /* RxCocoa.framework */ = {isa = PBXFileReference; lastKnownFileType = wrapper.framework; name = RxCocoa.framework; path = "../../../../Library/Developer/Xcode/DerivedData/dundun-euvjiviiaawkoxdjjziofushyyra/Build/Products/Debug-iphonesimulator/RxCocoa.framework"; sourceTree = "<group>"; };
		A920B27E1CB5385A00A6DA3F /* RxSwift.framework */ = {isa = PBXFileReference; lastKnownFileType = wrapper.framework; name = RxSwift.framework; path = "../../../../Library/Developer/Xcode/DerivedData/dundun-euvjiviiaawkoxdjjziofushyyra/Build/Products/Debug-iphonesimulator/RxSwift.framework"; sourceTree = "<group>"; };
		A920B27F1CB5385A00A6DA3F /* SnapKit.framework */ = {isa = PBXFileReference; lastKnownFileType = wrapper.framework; name = SnapKit.framework; path = "../../../../Library/Developer/Xcode/DerivedData/dundun-euvjiviiaawkoxdjjziofushyyra/Build/Products/Debug-iphonesimulator/SnapKit.framework"; sourceTree = "<group>"; };
		A930E3D71CC51C9F00EABE5D /* ObjectiveC_Bridging_Header.h */ = {isa = PBXFileReference; lastKnownFileType = sourcecode.c.h; path = ObjectiveC_Bridging_Header.h; sourceTree = "<group>"; };
		A9323E741CB68EDD00FE8E1C /* Base */ = {isa = PBXFileReference; lastKnownFileType = file.storyboard; name = Base; path = Base.lproj/LaunchScreen.storyboard; sourceTree = "<group>"; };
		A9323E761CB68EDD00FE8E1C /* Base */ = {isa = PBXFileReference; lastKnownFileType = file.storyboard; name = Base; path = Base.lproj/Main.storyboard; sourceTree = "<group>"; };
		A9323E791CB68EF600FE8E1C /* Assets.xcassets */ = {isa = PBXFileReference; lastKnownFileType = folder.assetcatalog; path = Assets.xcassets; sourceTree = "<group>"; };
		A9323E7B1CB68F0000FE8E1C /* AppDelegate.swift */ = {isa = PBXFileReference; fileEncoding = 4; lastKnownFileType = sourcecode.swift; path = AppDelegate.swift; sourceTree = "<group>"; };
		A9323E7E1CB68F5100FE8E1C /* ExtensionUIviewController.swift */ = {isa = PBXFileReference; fileEncoding = 4; lastKnownFileType = sourcecode.swift; path = ExtensionUIviewController.swift; sourceTree = "<group>"; };
		A9323E821CB68F7400FE8E1C /* RegistViewController.swift */ = {isa = PBXFileReference; fileEncoding = 4; lastKnownFileType = sourcecode.swift; path = RegistViewController.swift; sourceTree = "<group>"; };
		A9323E841CB68F8700FE8E1C /* LoginTextField.swift */ = {isa = PBXFileReference; fileEncoding = 4; lastKnownFileType = sourcecode.swift; path = LoginTextField.swift; sourceTree = "<group>"; };
		A94A8E6C1CC9085C0045BE6D /* Size.swift */ = {isa = PBXFileReference; fileEncoding = 4; lastKnownFileType = sourcecode.swift; path = Size.swift; sourceTree = "<group>"; };
		A94A8E6F1CC9A4F40045BE6D /* Alamofire_ExtensionViewController.swift */ = {isa = PBXFileReference; fileEncoding = 4; lastKnownFileType = sourcecode.swift; path = Alamofire_ExtensionViewController.swift; sourceTree = "<group>"; };
		A94A8E711CC9F5210045BE6D /* MJson.swift */ = {isa = PBXFileReference; fileEncoding = 4; lastKnownFileType = sourcecode.swift; path = MJson.swift; sourceTree = "<group>"; };
		A9594CAA1CC3B6DE008CE1DA /* ExtensionNSObject_GCD.swift */ = {isa = PBXFileReference; fileEncoding = 4; lastKnownFileType = sourcecode.swift; path = ExtensionNSObject_GCD.swift; sourceTree = "<group>"; };
		A9594CAC1CC3BB16008CE1DA /* Alamofire.framework */ = {isa = PBXFileReference; lastKnownFileType = wrapper.framework; name = Alamofire.framework; path = "Pods/../build/Debug-iphoneos/Alamofire.framework"; sourceTree = "<group>"; };
		A9594CB11CC4B640008CE1DA /* LoginController.swift */ = {isa = PBXFileReference; fileEncoding = 4; lastKnownFileType = sourcecode.swift; path = LoginController.swift; sourceTree = "<group>"; };
		A9594CB31CC4B66C008CE1DA /* LoginViewController.swift */ = {isa = PBXFileReference; fileEncoding = 4; lastKnownFileType = sourcecode.swift; path = LoginViewController.swift; sourceTree = "<group>"; };
		A9594CB61CC4BBD4008CE1DA /* ExtensionUIImage.swift */ = {isa = PBXFileReference; fileEncoding = 4; lastKnownFileType = sourcecode.swift; path = ExtensionUIImage.swift; sourceTree = "<group>"; };
		A9594CB91CC4BDF3008CE1DA /* Line.swift */ = {isa = PBXFileReference; fileEncoding = 4; lastKnownFileType = sourcecode.swift; path = Line.swift; sourceTree = "<group>"; };
		A9594CBB1CC4C0C3008CE1DA /* LogoView.swift */ = {isa = PBXFileReference; fileEncoding = 4; lastKnownFileType = sourcecode.swift; path = LogoView.swift; sourceTree = "<group>"; };
		A9594CBE1CC4C6AD008CE1DA /* MButton.swift */ = {isa = PBXFileReference; fileEncoding = 4; lastKnownFileType = sourcecode.swift; path = MButton.swift; sourceTree = "<group>"; };
		A9594CC01CC4CCDE008CE1DA /* RepassViewController.swift */ = {isa = PBXFileReference; fileEncoding = 4; lastKnownFileType = sourcecode.swift; path = RepassViewController.swift; sourceTree = "<group>"; };
		A9594CC21CC4DB18008CE1DA /* ExtensionView.swift */ = {isa = PBXFileReference; fileEncoding = 4; lastKnownFileType = sourcecode.swift; path = ExtensionView.swift; sourceTree = "<group>"; };
		A9594CC51CC4F739008CE1DA /* Whisper.framework */ = {isa = PBXFileReference; lastKnownFileType = wrapper.framework; name = Whisper.framework; path = "../../../../Library/Developer/Xcode/DerivedData/dundun-euvjiviiaawkoxdjjziofushyyra/Build/Products/Debug-iphonesimulator/Whisper.framework"; sourceTree = "<group>"; };
		A95B96791CC765CA00D759E6 /* RxCocoa.framework */ = {isa = PBXFileReference; lastKnownFileType = wrapper.framework; name = RxCocoa.framework; path = "Pods/../build/Debug-iphoneos/RxCocoa.framework"; sourceTree = "<group>"; };
		A95B967A1CC765CA00D759E6 /* RxSwift.framework */ = {isa = PBXFileReference; lastKnownFileType = wrapper.framework; name = RxSwift.framework; path = "Pods/../build/Debug-iphoneos/RxSwift.framework"; sourceTree = "<group>"; };
		A95B967D1CC7758800D759E6 /* SwiftyJSON.framework */ = {isa = PBXFileReference; lastKnownFileType = wrapper.framework; name = SwiftyJSON.framework; path = "../../../../Library/Developer/Xcode/DerivedData/dundun-euvjiviiaawkoxdjjziofushyyra/Build/Products/Debug-iphonesimulator/SwiftyJSON.framework"; sourceTree = "<group>"; };
		A9C2BD221CC71CA7004181FF /* ExtensionButton.swift */ = {isa = PBXFileReference; fileEncoding = 4; lastKnownFileType = sourcecode.swift; path = ExtensionButton.swift; sourceTree = "<group>"; };
		A9E023F61CC617C7004A86B3 /* QRCodeViewController.swift */ = {isa = PBXFileReference; fileEncoding = 4; lastKnownFileType = sourcecode.swift; path = QRCodeViewController.swift; sourceTree = "<group>"; };
		A9E023F81CC63402004A86B3 /* QRCodeWrapView.swift */ = {isa = PBXFileReference; fileEncoding = 4; lastKnownFileType = sourcecode.swift; path = QRCodeWrapView.swift; sourceTree = "<group>"; };
		A9E023FA1CC63549004A86B3 /* TestViewController.swift */ = {isa = PBXFileReference; fileEncoding = 4; lastKnownFileType = sourcecode.swift; path = TestViewController.swift; sourceTree = "<group>"; };
		A9E65B641CC1C9CB009F8116 /* FeedBackViewController.swift */ = {isa = PBXFileReference; fileEncoding = 4; lastKnownFileType = sourcecode.swift; path = FeedBackViewController.swift; sourceTree = "<group>"; };
		A9E65B8C1CC24120009F8116 /* Info.plist */ = {isa = PBXFileReference; fileEncoding = 4; lastKnownFileType = text.plist.xml; path = Info.plist; sourceTree = "<group>"; };
		A9E65B901CC241DE009F8116 /* MWindow.swift */ = {isa = PBXFileReference; fileEncoding = 4; lastKnownFileType = sourcecode.swift; path = MWindow.swift; sourceTree = "<group>"; };
		A9E65B931CC242E7009F8116 /* MNavigationController.swift */ = {isa = PBXFileReference; fileEncoding = 4; lastKnownFileType = sourcecode.swift; path = MNavigationController.swift; sourceTree = "<group>"; };
		A9E65B951CC24339009F8116 /* MTabBarController.swift */ = {isa = PBXFileReference; fileEncoding = 4; lastKnownFileType = sourcecode.swift; path = MTabBarController.swift; sourceTree = "<group>"; };
		A9E65B971CC247D7009F8116 /* BaseViewController.swift */ = {isa = PBXFileReference; fileEncoding = 4; lastKnownFileType = sourcecode.swift; path = BaseViewController.swift; sourceTree = "<group>"; };
		A9E65B9C1CC24A04009F8116 /* WalletViewController.swift */ = {isa = PBXFileReference; fileEncoding = 4; lastKnownFileType = sourcecode.swift; path = WalletViewController.swift; sourceTree = "<group>"; };
		A9E65B9E1CC24A33009F8116 /* GoodsViewController.swift */ = {isa = PBXFileReference; fileEncoding = 4; lastKnownFileType = sourcecode.swift; path = GoodsViewController.swift; sourceTree = "<group>"; };
		A9E65BA01CC24A4D009F8116 /* PersonalViewController.swift */ = {isa = PBXFileReference; fileEncoding = 4; lastKnownFileType = sourcecode.swift; path = PersonalViewController.swift; sourceTree = "<group>"; };
		A9E65BA21CC24A7B009F8116 /* ActiveViewController.swift */ = {isa = PBXFileReference; fileEncoding = 4; lastKnownFileType = sourcecode.swift; path = ActiveViewController.swift; sourceTree = "<group>"; };
		C2F8095EFCD135BC30B38567 /* Pods.framework */ = {isa = PBXFileReference; explicitFileType = wrapper.framework; includeInIndex = 0; path = Pods.framework; sourceTree = BUILT_PRODUCTS_DIR; };
/* End PBXFileReference section */

/* Begin PBXFrameworksBuildPhase section */
		A920B19A1CB49EA800A6DA3F /* Frameworks */ = {
			isa = PBXFrameworksBuildPhase;
			buildActionMask = 2147483647;
			files = (
				A95B967E1CC7758900D759E6 /* SwiftyJSON.framework in Frameworks */,
				A9594CC61CC4F739008CE1DA /* Whisper.framework in Frameworks */,
				A9594CAD1CC3BB16008CE1DA /* Alamofire.framework in Frameworks */,
				A920B2821CB5385A00A6DA3F /* SnapKit.framework in Frameworks */,
				B713E4F090F4DDBA5F10095A /* Pods.framework in Frameworks */,
			);
			runOnlyForDeploymentPostprocessing = 0;
		};
		A920B1AE1CB49EA800A6DA3F /* Frameworks */ = {
			isa = PBXFrameworksBuildPhase;
			buildActionMask = 2147483647;
			files = (
			);
			runOnlyForDeploymentPostprocessing = 0;
		};
		A920B1B91CB49EA800A6DA3F /* Frameworks */ = {
			isa = PBXFrameworksBuildPhase;
			buildActionMask = 2147483647;
			files = (
			);
			runOnlyForDeploymentPostprocessing = 0;
		};
/* End PBXFrameworksBuildPhase section */

/* Begin PBXGroup section */
		45F6B854C628EB1CE108EC15 /* Pods */ = {
			isa = PBXGroup;
			children = (
				98D00E090CF999839EB810C3 /* Pods.debug.xcconfig */,
				1E435089563AF4BD100FE906 /* Pods.release.xcconfig */,
			);
			name = Pods;
			sourceTree = "<group>";
		};
		9121413B89CD111DBB86B38C /* Frameworks */ = {
			isa = PBXGroup;
			children = (
				A95B967D1CC7758800D759E6 /* SwiftyJSON.framework */,
				A95B96791CC765CA00D759E6 /* RxCocoa.framework */,
				A95B967A1CC765CA00D759E6 /* RxSwift.framework */,
				A9594CC51CC4F739008CE1DA /* Whisper.framework */,
				A9594CAC1CC3BB16008CE1DA /* Alamofire.framework */,
				A920B27D1CB5385A00A6DA3F /* RxCocoa.framework */,
				A920B27E1CB5385A00A6DA3F /* RxSwift.framework */,
				A920B27F1CB5385A00A6DA3F /* SnapKit.framework */,
				C2F8095EFCD135BC30B38567 /* Pods.framework */,
			);
			name = Frameworks;
			sourceTree = "<group>";
		};
		A909C1E11CBBB8F00062DA17 /* color */ = {
			isa = PBXGroup;
			children = (
				A909C1EA1CBBBCB60062DA17 /* MColor.swift */,
			);
			path = color;
			sourceTree = "<group>";
		};
		A909C1E21CBBB9430062DA17 /* size */ = {
			isa = PBXGroup;
			children = (
				A909C1E81CBBBC6C0062DA17 /* MSize.swift */,
			);
			path = size;
			sourceTree = "<group>";
		};
		A918C7251CC6606900E3F9A3 /* timer */ = {
			isa = PBXGroup;
			children = (
				A918C7261CC6608700E3F9A3 /* Timer.swift */,
			);
			path = timer;
			sourceTree = "<group>";
		};
		A91FCE2E1CC8BB380033305C /* string */ = {
			isa = PBXGroup;
			children = (
				A91FCE2F1CC8BB4C0033305C /* ExtensionString.swift */,
			);
			path = string;
			sourceTree = "<group>";
		};
		A91FCE311CC8C8CD0033305C /* SwiftyJSON */ = {
			isa = PBXGroup;
			children = (
				A91FCE321CC8C8E70033305C /* ExtensionSwiftyJSON.swift */,
				A94A8E711CC9F5210045BE6D /* MJson.swift */,
			);
			path = SwiftyJSON;
			sourceTree = "<group>";
		};
		A920B1941CB49EA800A6DA3F = {
			isa = PBXGroup;
			children = (
				A920B19F1CB49EA800A6DA3F /* dundun */,
				A920B1B41CB49EA800A6DA3F /* dundunTests */,
				A920B1BF1CB49EA800A6DA3F /* dundunUITests */,
				A920B19E1CB49EA800A6DA3F /* Products */,
				45F6B854C628EB1CE108EC15 /* Pods */,
				9121413B89CD111DBB86B38C /* Frameworks */,
			);
			sourceTree = "<group>";
		};
		A920B19E1CB49EA800A6DA3F /* Products */ = {
			isa = PBXGroup;
			children = (
				A920B19D1CB49EA800A6DA3F /* dundun.app */,
				A920B1B11CB49EA800A6DA3F /* dundunTests.xctest */,
				A920B1BC1CB49EA800A6DA3F /* dundunUITests.xctest */,
			);
			name = Products;
			sourceTree = "<group>";
		};
		A920B19F1CB49EA800A6DA3F /* dundun */ = {
			isa = PBXGroup;
			children = (
				A930E3D81CC5245100EABE5D /* Vendors */,
				A9EE06BF1CB67541002B6CAD /* AppDelegate */,
				A9EE06BC1CB67496002B6CAD /* Resources */,
				A9EE06B91CB66398002B6CAD /* Tools */,
				A9EE06B81CB66341002B6CAD /* Controllers */,
				A9EE06B71CB66336002B6CAD /* Views */,
				A9EE06B61CB66328002B6CAD /* Moldes */,
			);
			path = dundun;
			sourceTree = "<group>";
		};
		A920B1B41CB49EA800A6DA3F /* dundunTests */ = {
			isa = PBXGroup;
			children = (
				A920B1B51CB49EA800A6DA3F /* dundunTests.swift */,
				A920B1B71CB49EA800A6DA3F /* Info.plist */,
			);
			path = dundunTests;
			sourceTree = "<group>";
		};
		A920B1BF1CB49EA800A6DA3F /* dundunUITests */ = {
			isa = PBXGroup;
			children = (
				A920B1C01CB49EA800A6DA3F /* dundunUITests.swift */,
				A920B1C21CB49EA800A6DA3F /* Info.plist */,
			);
			path = dundunUITests;
			sourceTree = "<group>";
		};
		A930E3D81CC5245100EABE5D /* Vendors */ = {
			isa = PBXGroup;
			children = (
				A94A8E6E1CC9A46A0045BE6D /* Alamofire */,
				A91FCE311CC8C8CD0033305C /* SwiftyJSON */,
				A930E3D91CC524AB00EABE5D /* Whisper */,
			);
			path = Vendors;
			sourceTree = "<group>";
		};
		A930E3D91CC524AB00EABE5D /* Whisper */ = {
			isa = PBXGroup;
			children = (
				A918446B1CC5BF4700F1A0F8 /* Notify.swift */,
			);
			path = Whisper;
			sourceTree = "<group>";
		};
		A94A8E6B1CC9083C0045BE6D /* global */ = {
			isa = PBXGroup;
			children = (
				A94A8E6C1CC9085C0045BE6D /* Size.swift */,
			);
			path = global;
			sourceTree = "<group>";
		};
		A94A8E6E1CC9A46A0045BE6D /* Alamofire */ = {
			isa = PBXGroup;
			children = (
				A94A8E6F1CC9A4F40045BE6D /* Alamofire_ExtensionViewController.swift */,
			);
			path = Alamofire;
			sourceTree = "<group>";
		};
		A9594CA91CC3B663008CE1DA /* async */ = {
			isa = PBXGroup;
			children = (
				A9594CAA1CC3B6DE008CE1DA /* ExtensionNSObject_GCD.swift */,
			);
			path = async;
			sourceTree = "<group>";
		};
		A9594CB51CC4BBB4008CE1DA /* image */ = {
			isa = PBXGroup;
			children = (
				A9594CB61CC4BBD4008CE1DA /* ExtensionUIImage.swift */,
			);
			path = image;
			sourceTree = "<group>";
		};
		A9594CB81CC4BDD6008CE1DA /* common */ = {
			isa = PBXGroup;
			children = (
				A9594CB91CC4BDF3008CE1DA /* Line.swift */,
			);
			path = common;
			sourceTree = "<group>";
		};
		A9594CBD1CC4C699008CE1DA /* btn */ = {
			isa = PBXGroup;
			children = (
				A9594CBE1CC4C6AD008CE1DA /* MButton.swift */,
			);
			path = btn;
			sourceTree = "<group>";
		};
		A9E023F51CC6179B004A86B3 /* Others */ = {
			isa = PBXGroup;
			children = (
				A9E023F61CC617C7004A86B3 /* QRCodeViewController.swift */,
				A9E023FA1CC63549004A86B3 /* TestViewController.swift */,
			);
			path = Others;
			sourceTree = "<group>";
		};
		A9E65B631CC1C98D009F8116 /* Personal(个人中心) */ = {
			isa = PBXGroup;
			children = (
				A9E65B641CC1C9CB009F8116 /* FeedBackViewController.swift */,
				A9E65BA01CC24A4D009F8116 /* PersonalViewController.swift */,
			);
			name = "Personal(个人中心)";
			path = Personal;
			sourceTree = "<group>";
		};
		A9E65B8E1CC2418D009F8116 /* util */ = {
			isa = PBXGroup;
			children = (
				A91FCE2E1CC8BB380033305C /* string */,
				A918C7251CC6606900E3F9A3 /* timer */,
				A9594CA91CC3B663008CE1DA /* async */,
			);
			path = util;
			sourceTree = "<group>";
		};
		A9E65B921CC242AE009F8116 /* Base */ = {
			isa = PBXGroup;
			children = (
				A9E65B931CC242E7009F8116 /* MNavigationController.swift */,
				A9E65B951CC24339009F8116 /* MTabBarController.swift */,
				A9E65B971CC247D7009F8116 /* BaseViewController.swift */,
			);
			path = Base;
			sourceTree = "<group>";
		};
		A9E65B991CC2490A009F8116 /* Wallet(钱包) */ = {
			isa = PBXGroup;
			children = (
				A9E65B9C1CC24A04009F8116 /* WalletViewController.swift */,
			);
			name = "Wallet(钱包)";
			path = Wallet;
			sourceTree = "<group>";
		};
		A9E65B9A1CC24982009F8116 /* Goods(商城) */ = {
			isa = PBXGroup;
			children = (
				A9E65B9E1CC24A33009F8116 /* GoodsViewController.swift */,
			);
			name = "Goods(商城)";
			path = Goods;
			sourceTree = "<group>";
		};
		A9E65B9B1CC249A2009F8116 /* Active(活动) */ = {
			isa = PBXGroup;
			children = (
				A9E65BA21CC24A7B009F8116 /* ActiveViewController.swift */,
			);
			name = "Active(活动)";
			path = Active;
			sourceTree = "<group>";
		};
		A9EE06B61CB66328002B6CAD /* Moldes */ = {
			isa = PBXGroup;
			children = (
			);
			name = Moldes;
			path = Models;
			sourceTree = "<group>";
		};
		A9EE06B71CB66336002B6CAD /* Views */ = {
			isa = PBXGroup;
			children = (
				A9594CBD1CC4C699008CE1DA /* btn */,
				A9594CB81CC4BDD6008CE1DA /* common */,
				A9EE06C41CB6763F002B6CAD /* Login */,
				A9E023F81CC63402004A86B3 /* QRCodeWrapView.swift */,
			);
			path = Views;
			sourceTree = "<group>";
		};
		A9EE06B81CB66341002B6CAD /* Controllers */ = {
			isa = PBXGroup;
			children = (
				A9E023F51CC6179B004A86B3 /* Others */,
				A9E65B921CC242AE009F8116 /* Base */,
				A9E65B9B1CC249A2009F8116 /* Active(活动) */,
				A9E65B9A1CC24982009F8116 /* Goods(商城) */,
				A9E65B991CC2490A009F8116 /* Wallet(钱包) */,
				A9E65B631CC1C98D009F8116 /* Personal(个人中心) */,
				A9EE06C11CB675EF002B6CAD /* Login */,
			);
			path = Controllers;
			sourceTree = "<group>";
		};
		A9EE06B91CB66398002B6CAD /* Tools */ = {
			isa = PBXGroup;
			children = (
				A94A8E6B1CC9083C0045BE6D /* global */,
				A9594CB51CC4BBB4008CE1DA /* image */,
				A9E65B8E1CC2418D009F8116 /* util */,
				A909C1E21CBBB9430062DA17 /* size */,
				A909C1E11CBBB8F00062DA17 /* color */,
				A9EE06C51CB67665002B6CAD /* ViewController */,
				A9EE06BB1CB6644C002B6CAD /* view */,
			);
			path = Tools;
			sourceTree = "<group>";
		};
		A9EE06BB1CB6644C002B6CAD /* view */ = {
			isa = PBXGroup;
			children = (
				A9594CC21CC4DB18008CE1DA /* ExtensionView.swift */,
				A9C2BD221CC71CA7004181FF /* ExtensionButton.swift */,
			);
			path = view;
			sourceTree = "<group>";
		};
		A9EE06BC1CB67496002B6CAD /* Resources */ = {
			isa = PBXGroup;
			children = (
				A9EE06C01CB6755D002B6CAD /* images */,
				A9EE06BE1CB674B5002B6CAD /* storyboards */,
				A9EE06BD1CB674A8002B6CAD /* plists */,
			);
			path = Resources;
			sourceTree = "<group>";
		};
		A9EE06BD1CB674A8002B6CAD /* plists */ = {
			isa = PBXGroup;
			children = (
				A9E65B8C1CC24120009F8116 /* Info.plist */,
			);
			path = plists;
			sourceTree = "<group>";
		};
		A9EE06BE1CB674B5002B6CAD /* storyboards */ = {
			isa = PBXGroup;
			children = (
				A9323E731CB68EDD00FE8E1C /* LaunchScreen.storyboard */,
				A9323E751CB68EDD00FE8E1C /* Main.storyboard */,
			);
			path = storyboards;
			sourceTree = "<group>";
		};
		A9EE06BF1CB67541002B6CAD /* AppDelegate */ = {
			isa = PBXGroup;
			children = (
				A9323E7B1CB68F0000FE8E1C /* AppDelegate.swift */,
				A9E65B901CC241DE009F8116 /* MWindow.swift */,
				A930E3D71CC51C9F00EABE5D /* ObjectiveC_Bridging_Header.h */,
			);
			path = AppDelegate;
			sourceTree = "<group>";
		};
		A9EE06C01CB6755D002B6CAD /* images */ = {
			isa = PBXGroup;
			children = (
				A9323E791CB68EF600FE8E1C /* Assets.xcassets */,
			);
			path = images;
			sourceTree = "<group>";
		};
		A9EE06C11CB675EF002B6CAD /* Login */ = {
			isa = PBXGroup;
			children = (
				A9594CB31CC4B66C008CE1DA /* LoginViewController.swift */,
				A9323E821CB68F7400FE8E1C /* RegistViewController.swift */,
				A9594CC01CC4CCDE008CE1DA /* RepassViewController.swift */,
				A9594CB11CC4B640008CE1DA /* LoginController.swift */,
			);
			path = Login;
			sourceTree = "<group>";
		};
		A9EE06C41CB6763F002B6CAD /* Login */ = {
			isa = PBXGroup;
			children = (
				A9323E841CB68F8700FE8E1C /* LoginTextField.swift */,
				A9594CBB1CC4C0C3008CE1DA /* LogoView.swift */,
			);
			path = Login;
			sourceTree = "<group>";
		};
		A9EE06C51CB67665002B6CAD /* ViewController */ = {
			isa = PBXGroup;
			children = (
				A9323E7E1CB68F5100FE8E1C /* ExtensionUIviewController.swift */,
			);
			path = ViewController;
			sourceTree = "<group>";
		};
/* End PBXGroup section */

/* Begin PBXNativeTarget section */
		A920B19C1CB49EA800A6DA3F /* dundun */ = {
			isa = PBXNativeTarget;
			buildConfigurationList = A920B1C51CB49EA900A6DA3F /* Build configuration list for PBXNativeTarget "dundun" */;
			buildPhases = (
				332F678045958A3E9B94BE28 /* Check Pods Manifest.lock */,
				A920B1991CB49EA800A6DA3F /* Sources */,
				A920B19A1CB49EA800A6DA3F /* Frameworks */,
				A920B19B1CB49EA800A6DA3F /* Resources */,
				5619EAFC18E53C9CF6E61066 /* Embed Pods Frameworks */,
				54386924C2BE8E38FA82BFEC /* Copy Pods Resources */,
			);
			buildRules = (
			);
			dependencies = (
			);
			name = dundun;
			productName = dundun;
			productReference = A920B19D1CB49EA800A6DA3F /* dundun.app */;
			productType = "com.apple.product-type.application";
		};
		A920B1B01CB49EA800A6DA3F /* dundunTests */ = {
			isa = PBXNativeTarget;
			buildConfigurationList = A920B1C81CB49EA900A6DA3F /* Build configuration list for PBXNativeTarget "dundunTests" */;
			buildPhases = (
				A920B1AD1CB49EA800A6DA3F /* Sources */,
				A920B1AE1CB49EA800A6DA3F /* Frameworks */,
				A920B1AF1CB49EA800A6DA3F /* Resources */,
			);
			buildRules = (
			);
			dependencies = (
				A920B1B31CB49EA800A6DA3F /* PBXTargetDependency */,
			);
			name = dundunTests;
			productName = dundunTests;
			productReference = A920B1B11CB49EA800A6DA3F /* dundunTests.xctest */;
			productType = "com.apple.product-type.bundle.unit-test";
		};
		A920B1BB1CB49EA800A6DA3F /* dundunUITests */ = {
			isa = PBXNativeTarget;
			buildConfigurationList = A920B1CB1CB49EA900A6DA3F /* Build configuration list for PBXNativeTarget "dundunUITests" */;
			buildPhases = (
				A920B1B81CB49EA800A6DA3F /* Sources */,
				A920B1B91CB49EA800A6DA3F /* Frameworks */,
				A920B1BA1CB49EA800A6DA3F /* Resources */,
			);
			buildRules = (
			);
			dependencies = (
				A920B1BE1CB49EA800A6DA3F /* PBXTargetDependency */,
			);
			name = dundunUITests;
			productName = dundunUITests;
			productReference = A920B1BC1CB49EA800A6DA3F /* dundunUITests.xctest */;
			productType = "com.apple.product-type.bundle.ui-testing";
		};
/* End PBXNativeTarget section */

/* Begin PBXProject section */
		A920B1951CB49EA800A6DA3F /* Project object */ = {
			isa = PBXProject;
			attributes = {
				LastSwiftUpdateCheck = 0730;
				LastUpgradeCheck = 0730;
				ORGANIZATIONNAME = Microali;
				TargetAttributes = {
					A920B19C1CB49EA800A6DA3F = {
						CreatedOnToolsVersion = 7.3;
					};
					A920B1B01CB49EA800A6DA3F = {
						CreatedOnToolsVersion = 7.3;
						TestTargetID = A920B19C1CB49EA800A6DA3F;
					};
					A920B1BB1CB49EA800A6DA3F = {
						CreatedOnToolsVersion = 7.3;
						TestTargetID = A920B19C1CB49EA800A6DA3F;
					};
				};
			};
			buildConfigurationList = A920B1981CB49EA800A6DA3F /* Build configuration list for PBXProject "dundun" */;
			compatibilityVersion = "Xcode 3.2";
			developmentRegion = English;
			hasScannedForEncodings = 0;
			knownRegions = (
				en,
				Base,
			);
			mainGroup = A920B1941CB49EA800A6DA3F;
			productRefGroup = A920B19E1CB49EA800A6DA3F /* Products */;
			projectDirPath = "";
			projectRoot = "";
			targets = (
				A920B19C1CB49EA800A6DA3F /* dundun */,
				A920B1B01CB49EA800A6DA3F /* dundunTests */,
				A920B1BB1CB49EA800A6DA3F /* dundunUITests */,
			);
		};
/* End PBXProject section */

/* Begin PBXResourcesBuildPhase section */
		A920B19B1CB49EA800A6DA3F /* Resources */ = {
			isa = PBXResourcesBuildPhase;
			buildActionMask = 2147483647;
			files = (
				A9E65B8D1CC24120009F8116 /* Info.plist in Resources */,
				A9323E771CB68EDD00FE8E1C /* LaunchScreen.storyboard in Resources */,
				A9323E7A1CB68EF600FE8E1C /* Assets.xcassets in Resources */,
				A9323E781CB68EDD00FE8E1C /* Main.storyboard in Resources */,
			);
			runOnlyForDeploymentPostprocessing = 0;
		};
		A920B1AF1CB49EA800A6DA3F /* Resources */ = {
			isa = PBXResourcesBuildPhase;
			buildActionMask = 2147483647;
			files = (
			);
			runOnlyForDeploymentPostprocessing = 0;
		};
		A920B1BA1CB49EA800A6DA3F /* Resources */ = {
			isa = PBXResourcesBuildPhase;
			buildActionMask = 2147483647;
			files = (
			);
			runOnlyForDeploymentPostprocessing = 0;
		};
/* End PBXResourcesBuildPhase section */

/* Begin PBXShellScriptBuildPhase section */
		332F678045958A3E9B94BE28 /* Check Pods Manifest.lock */ = {
			isa = PBXShellScriptBuildPhase;
			buildActionMask = 2147483647;
			files = (
			);
			inputPaths = (
			);
			name = "Check Pods Manifest.lock";
			outputPaths = (
			);
			runOnlyForDeploymentPostprocessing = 0;
			shellPath = /bin/sh;
			shellScript = "diff \"${PODS_ROOT}/../Podfile.lock\" \"${PODS_ROOT}/Manifest.lock\" > /dev/null\nif [[ $? != 0 ]] ; then\n    cat << EOM\nerror: The sandbox is not in sync with the Podfile.lock. Run 'pod install' or update your CocoaPods installation.\nEOM\n    exit 1\nfi\n";
			showEnvVarsInLog = 0;
		};
		54386924C2BE8E38FA82BFEC /* Copy Pods Resources */ = {
			isa = PBXShellScriptBuildPhase;
			buildActionMask = 2147483647;
			files = (
			);
			inputPaths = (
			);
			name = "Copy Pods Resources";
			outputPaths = (
			);
			runOnlyForDeploymentPostprocessing = 0;
			shellPath = /bin/sh;
			shellScript = "\"${SRCROOT}/Pods/Target Support Files/Pods/Pods-resources.sh\"\n";
			showEnvVarsInLog = 0;
		};
		5619EAFC18E53C9CF6E61066 /* Embed Pods Frameworks */ = {
			isa = PBXShellScriptBuildPhase;
			buildActionMask = 2147483647;
			files = (
			);
			inputPaths = (
			);
			name = "Embed Pods Frameworks";
			outputPaths = (
			);
			runOnlyForDeploymentPostprocessing = 0;
			shellPath = /bin/sh;
			shellScript = "\"${SRCROOT}/Pods/Target Support Files/Pods/Pods-frameworks.sh\"\n";
			showEnvVarsInLog = 0;
		};
/* End PBXShellScriptBuildPhase section */

/* Begin PBXSourcesBuildPhase section */
		A920B1991CB49EA800A6DA3F /* Sources */ = {
			isa = PBXSourcesBuildPhase;
			buildActionMask = 2147483647;
			files = (
				A9594CB41CC4B66C008CE1DA /* LoginViewController.swift in Sources */,
				A9E65BA31CC24A7B009F8116 /* ActiveViewController.swift in Sources */,
				A9E65B911CC241DE009F8116 /* MWindow.swift in Sources */,
				A918C7271CC6608700E3F9A3 /* Timer.swift in Sources */,
				A94A8E6D1CC9085C0045BE6D /* Size.swift in Sources */,
				A91FCE301CC8BB4C0033305C /* ExtensionString.swift in Sources */,
				A9E65BA11CC24A4D009F8116 /* PersonalViewController.swift in Sources */,
				A9594CBC1CC4C0C3008CE1DA /* LogoView.swift in Sources */,
				A9E65B941CC242E7009F8116 /* MNavigationController.swift in Sources */,
				A9323E831CB68F7400FE8E1C /* RegistViewController.swift in Sources */,
				A9E65B651CC1C9CB009F8116 /* FeedBackViewController.swift in Sources */,
				A9E65B9D1CC24A04009F8116 /* WalletViewController.swift in Sources */,
				A9E65B961CC24339009F8116 /* MTabBarController.swift in Sources */,
				A94A8E721CC9F5210045BE6D /* MJson.swift in Sources */,
				A9594CBA1CC4BDF3008CE1DA /* Line.swift in Sources */,
				A9594CAB1CC3B6DE008CE1DA /* ExtensionNSObject_GCD.swift in Sources */,
				A9E65B981CC247D7009F8116 /* BaseViewController.swift in Sources */,
				A909C1EB1CBBBCB60062DA17 /* MColor.swift in Sources */,
				A9594CB21CC4B640008CE1DA /* LoginController.swift in Sources */,
				A9594CB71CC4BBD4008CE1DA /* ExtensionUIImage.swift in Sources */,
				A9E65B9F1CC24A33009F8116 /* GoodsViewController.swift in Sources */,
				A9323E7F1CB68F5100FE8E1C /* ExtensionUIviewController.swift in Sources */,
				A9323E7C1CB68F0000FE8E1C /* AppDelegate.swift in Sources */,
				A91FCE331CC8C8E70033305C /* ExtensionSwiftyJSON.swift in Sources */,
				A909C1E91CBBBC6C0062DA17 /* MSize.swift in Sources */,
				A918446C1CC5BF4700F1A0F8 /* Notify.swift in Sources */,
				A9323E851CB68F8700FE8E1C /* LoginTextField.swift in Sources */,
				A9594CC11CC4CCDE008CE1DA /* RepassViewController.swift in Sources */,
				A9E023F71CC617C7004A86B3 /* QRCodeViewController.swift in Sources */,
				A9C2BD231CC71CA7004181FF /* ExtensionButton.swift in Sources */,
				A9E023FB1CC63549004A86B3 /* TestViewController.swift in Sources */,
				A9594CC31CC4DB18008CE1DA /* ExtensionView.swift in Sources */,
				A94A8E701CC9A4F40045BE6D /* Alamofire_ExtensionViewController.swift in Sources */,
				A9E023F91CC63402004A86B3 /* QRCodeWrapView.swift in Sources */,
				A9594CBF1CC4C6AD008CE1DA /* MButton.swift in Sources */,
			);
			runOnlyForDeploymentPostprocessing = 0;
		};
		A920B1AD1CB49EA800A6DA3F /* Sources */ = {
			isa = PBXSourcesBuildPhase;
			buildActionMask = 2147483647;
			files = (
				A920B1B61CB49EA800A6DA3F /* dundunTests.swift in Sources */,
			);
			runOnlyForDeploymentPostprocessing = 0;
		};
		A920B1B81CB49EA800A6DA3F /* Sources */ = {
			isa = PBXSourcesBuildPhase;
			buildActionMask = 2147483647;
			files = (
				A920B1C11CB49EA800A6DA3F /* dundunUITests.swift in Sources */,
			);
			runOnlyForDeploymentPostprocessing = 0;
		};
/* End PBXSourcesBuildPhase section */

/* Begin PBXTargetDependency section */
		A920B1B31CB49EA800A6DA3F /* PBXTargetDependency */ = {
			isa = PBXTargetDependency;
			target = A920B19C1CB49EA800A6DA3F /* dundun */;
			targetProxy = A920B1B21CB49EA800A6DA3F /* PBXContainerItemProxy */;
		};
		A920B1BE1CB49EA800A6DA3F /* PBXTargetDependency */ = {
			isa = PBXTargetDependency;
			target = A920B19C1CB49EA800A6DA3F /* dundun */;
			targetProxy = A920B1BD1CB49EA800A6DA3F /* PBXContainerItemProxy */;
		};
/* End PBXTargetDependency section */

/* Begin PBXVariantGroup section */
		A9323E731CB68EDD00FE8E1C /* LaunchScreen.storyboard */ = {
			isa = PBXVariantGroup;
			children = (
				A9323E741CB68EDD00FE8E1C /* Base */,
			);
			name = LaunchScreen.storyboard;
			sourceTree = "<group>";
		};
		A9323E751CB68EDD00FE8E1C /* Main.storyboard */ = {
			isa = PBXVariantGroup;
			children = (
				A9323E761CB68EDD00FE8E1C /* Base */,
			);
			name = Main.storyboard;
			sourceTree = "<group>";
		};
/* End PBXVariantGroup section */

/* Begin XCBuildConfiguration section */
		A920B1C31CB49EA900A6DA3F /* Debug */ = {
			isa = XCBuildConfiguration;
			buildSettings = {
				ALWAYS_SEARCH_USER_PATHS = NO;
				CLANG_ANALYZER_NONNULL = YES;
				CLANG_CXX_LANGUAGE_STANDARD = "gnu++0x";
				CLANG_CXX_LIBRARY = "libc++";
				CLANG_ENABLE_MODULES = YES;
				CLANG_ENABLE_OBJC_ARC = YES;
				CLANG_WARN_BOOL_CONVERSION = YES;
				CLANG_WARN_CONSTANT_CONVERSION = YES;
				CLANG_WARN_DIRECT_OBJC_ISA_USAGE = YES_ERROR;
				CLANG_WARN_EMPTY_BODY = YES;
				CLANG_WARN_ENUM_CONVERSION = YES;
				CLANG_WARN_INT_CONVERSION = YES;
				CLANG_WARN_OBJC_ROOT_CLASS = YES_ERROR;
				CLANG_WARN_UNREACHABLE_CODE = YES;
				CLANG_WARN__DUPLICATE_METHOD_MATCH = YES;
				"CODE_SIGN_IDENTITY[sdk=iphoneos*]" = "iPhone Developer";
				COPY_PHASE_STRIP = NO;
				DEBUG_INFORMATION_FORMAT = dwarf;
				ENABLE_STRICT_OBJC_MSGSEND = YES;
				ENABLE_TESTABILITY = YES;
				GCC_C_LANGUAGE_STANDARD = gnu99;
				GCC_DYNAMIC_NO_PIC = NO;
				GCC_NO_COMMON_BLOCKS = YES;
				GCC_OPTIMIZATION_LEVEL = 0;
				GCC_PREPROCESSOR_DEFINITIONS = (
					"DEBUG=1",
					"$(inherited)",
				);
				GCC_WARN_64_TO_32_BIT_CONVERSION = YES;
				GCC_WARN_ABOUT_RETURN_TYPE = YES_ERROR;
				GCC_WARN_UNDECLARED_SELECTOR = YES;
				GCC_WARN_UNINITIALIZED_AUTOS = YES_AGGRESSIVE;
				GCC_WARN_UNUSED_FUNCTION = YES;
				GCC_WARN_UNUSED_VARIABLE = YES;
				IPHONEOS_DEPLOYMENT_TARGET = 9.3;
				MTL_ENABLE_DEBUG_INFO = YES;
				ONLY_ACTIVE_ARCH = YES;
				SDKROOT = iphoneos;
				SWIFT_OPTIMIZATION_LEVEL = "-Onone";
			};
			name = Debug;
		};
		A920B1C41CB49EA900A6DA3F /* Release */ = {
			isa = XCBuildConfiguration;
			buildSettings = {
				ALWAYS_SEARCH_USER_PATHS = NO;
				CLANG_ANALYZER_NONNULL = YES;
				CLANG_CXX_LANGUAGE_STANDARD = "gnu++0x";
				CLANG_CXX_LIBRARY = "libc++";
				CLANG_ENABLE_MODULES = YES;
				CLANG_ENABLE_OBJC_ARC = YES;
				CLANG_WARN_BOOL_CONVERSION = YES;
				CLANG_WARN_CONSTANT_CONVERSION = YES;
				CLANG_WARN_DIRECT_OBJC_ISA_USAGE = YES_ERROR;
				CLANG_WARN_EMPTY_BODY = YES;
				CLANG_WARN_ENUM_CONVERSION = YES;
				CLANG_WARN_INT_CONVERSION = YES;
				CLANG_WARN_OBJC_ROOT_CLASS = YES_ERROR;
				CLANG_WARN_UNREACHABLE_CODE = YES;
				CLANG_WARN__DUPLICATE_METHOD_MATCH = YES;
				"CODE_SIGN_IDENTITY[sdk=iphoneos*]" = "iPhone Developer";
				COPY_PHASE_STRIP = NO;
				DEBUG_INFORMATION_FORMAT = "dwarf-with-dsym";
				ENABLE_NS_ASSERTIONS = NO;
				ENABLE_STRICT_OBJC_MSGSEND = YES;
				GCC_C_LANGUAGE_STANDARD = gnu99;
				GCC_NO_COMMON_BLOCKS = YES;
				GCC_WARN_64_TO_32_BIT_CONVERSION = YES;
				GCC_WARN_ABOUT_RETURN_TYPE = YES_ERROR;
				GCC_WARN_UNDECLARED_SELECTOR = YES;
				GCC_WARN_UNINITIALIZED_AUTOS = YES_AGGRESSIVE;
				GCC_WARN_UNUSED_FUNCTION = YES;
				GCC_WARN_UNUSED_VARIABLE = YES;
				IPHONEOS_DEPLOYMENT_TARGET = 9.3;
				MTL_ENABLE_DEBUG_INFO = NO;
				SDKROOT = iphoneos;
				VALIDATE_PRODUCT = YES;
			};
			name = Release;
		};
		A920B1C61CB49EA900A6DA3F /* Debug */ = {
			isa = XCBuildConfiguration;
			baseConfigurationReference = 98D00E090CF999839EB810C3 /* Pods.debug.xcconfig */;
			buildSettings = {
				ASSETCATALOG_COMPILER_APPICON_NAME = AppIcon;
				FRAMEWORK_SEARCH_PATHS = (
					"$(inherited)",
					"$(PROJECT_DIR)/build/Debug-iphoneos",
				);
				INFOPLIST_FILE = dundun/Resources/plists/Info.plist;
				LD_RUNPATH_SEARCH_PATHS = "$(inherited) @executable_path/Frameworks";
				PRODUCT_BUNDLE_IDENTIFIER = cn.microali.dundun;
				PRODUCT_NAME = "$(TARGET_NAME)";
				SWIFT_OBJC_BRIDGING_HEADER = dundun/AppDelegate/ObjectiveC_Bridging_Header.h;
			};
			name = Debug;
		};
		A920B1C71CB49EA900A6DA3F /* Release */ = {
			isa = XCBuildConfiguration;
			baseConfigurationReference = 1E435089563AF4BD100FE906 /* Pods.release.xcconfig */;
			buildSettings = {
				ASSETCATALOG_COMPILER_APPICON_NAME = AppIcon;
				FRAMEWORK_SEARCH_PATHS = (
					"$(inherited)",
					"$(PROJECT_DIR)/build/Debug-iphoneos",
				);
				INFOPLIST_FILE = dundun/Resources/plists/Info.plist;
				LD_RUNPATH_SEARCH_PATHS = "$(inherited) @executable_path/Frameworks";
				PRODUCT_BUNDLE_IDENTIFIER = cn.microali.dundun;
				PRODUCT_NAME = "$(TARGET_NAME)";
				SWIFT_OBJC_BRIDGING_HEADER = dundun/AppDelegate/ObjectiveC_Bridging_Header.h;
			};
			name = Release;
		};
		A920B1C91CB49EA900A6DA3F /* Debug */ = {
			isa = XCBuildConfiguration;
			buildSettings = {
				BUNDLE_LOADER = "$(TEST_HOST)";
				INFOPLIST_FILE = dundunTests/Info.plist;
				LD_RUNPATH_SEARCH_PATHS = "$(inherited) @executable_path/Frameworks @loader_path/Frameworks";
				PRODUCT_BUNDLE_IDENTIFIER = cn.microali.dundunTests;
				PRODUCT_NAME = "$(TARGET_NAME)";
				TEST_HOST = "$(BUILT_PRODUCTS_DIR)/dundun.app/dundun";
			};
			name = Debug;
		};
		A920B1CA1CB49EA900A6DA3F /* Release */ = {
			isa = XCBuildConfiguration;
			buildSettings = {
				BUNDLE_LOADER = "$(TEST_HOST)";
				INFOPLIST_FILE = dundunTests/Info.plist;
				LD_RUNPATH_SEARCH_PATHS = "$(inherited) @executable_path/Frameworks @loader_path/Frameworks";
				PRODUCT_BUNDLE_IDENTIFIER = cn.microali.dundunTests;
				PRODUCT_NAME = "$(TARGET_NAME)";
				TEST_HOST = "$(BUILT_PRODUCTS_DIR)/dundun.app/dundun";
			};
			name = Release;
		};
		A920B1CC1CB49EA900A6DA3F /* Debug */ = {
			isa = XCBuildConfiguration;
			buildSettings = {
				INFOPLIST_FILE = dundunUITests/Info.plist;
				LD_RUNPATH_SEARCH_PATHS = "$(inherited) @executable_path/Frameworks @loader_path/Frameworks";
				PRODUCT_BUNDLE_IDENTIFIER = cn.microali.dundunUITests;
				PRODUCT_NAME = "$(TARGET_NAME)";
				TEST_TARGET_NAME = dundun;
			};
			name = Debug;
		};
		A920B1CD1CB49EA900A6DA3F /* Release */ = {
			isa = XCBuildConfiguration;
			buildSettings = {
				INFOPLIST_FILE = dundunUITests/Info.plist;
				LD_RUNPATH_SEARCH_PATHS = "$(inherited) @executable_path/Frameworks @loader_path/Frameworks";
				PRODUCT_BUNDLE_IDENTIFIER = cn.microali.dundunUITests;
				PRODUCT_NAME = "$(TARGET_NAME)";
				TEST_TARGET_NAME = dundun;
			};
			name = Release;
		};
/* End XCBuildConfiguration section */

/* Begin XCConfigurationList section */
		A920B1981CB49EA800A6DA3F /* Build configuration list for PBXProject "dundun" */ = {
			isa = XCConfigurationList;
			buildConfigurations = (
				A920B1C31CB49EA900A6DA3F /* Debug */,
				A920B1C41CB49EA900A6DA3F /* Release */,
			);
			defaultConfigurationIsVisible = 0;
			defaultConfigurationName = Release;
		};
		A920B1C51CB49EA900A6DA3F /* Build configuration list for PBXNativeTarget "dundun" */ = {
			isa = XCConfigurationList;
			buildConfigurations = (
				A920B1C61CB49EA900A6DA3F /* Debug */,
				A920B1C71CB49EA900A6DA3F /* Release */,
			);
			defaultConfigurationIsVisible = 0;
			defaultConfigurationName = Release;
		};
		A920B1C81CB49EA900A6DA3F /* Build configuration list for PBXNativeTarget "dundunTests" */ = {
			isa = XCConfigurationList;
			buildConfigurations = (
				A920B1C91CB49EA900A6DA3F /* Debug */,
				A920B1CA1CB49EA900A6DA3F /* Release */,
			);
			defaultConfigurationIsVisible = 0;
			defaultConfigurationName = Release;
		};
		A920B1CB1CB49EA900A6DA3F /* Build configuration list for PBXNativeTarget "dundunUITests" */ = {
			isa = XCConfigurationList;
			buildConfigurations = (
				A920B1CC1CB49EA900A6DA3F /* Debug */,
				A920B1CD1CB49EA900A6DA3F /* Release */,
			);
			defaultConfigurationIsVisible = 0;
			defaultConfigurationName = Release;
		};
/* End XCConfigurationList section */
	};
	rootObject = A920B1951CB49EA800A6DA3F /* Project object */;
}
